
Microsoft Visual Studio Solution File, Format Version 12.00
# Visual Studio Version 17
VisualStudioVersion = 17.8.34330.188
MinimumVisualStudioVersion = 10.0.40219.1
Project("{FAE04EC0-301F-11D3-BF4B-00C04F79EFBC}") = "Dispositivos eletronicos", "Dispositivos eletronicos\Dispositivos eletronicos.csproj", "{C06B6656-1370-4AC9-9B91-B765C52216E4}"
EndProject
Global
	GlobalSection(SolutionConfigurationPlatforms) = preSolution
		Debug|Any CPU = Debug|Any CPU
		Release|Any CPU = Release|Any CPU
	EndGlobalSection
	GlobalSection(ProjectConfigurationPlatforms) = postSolution
		{C06B6656-1370-4AC9-9B91-B765C52216E4}.Debug|Any CPU.ActiveCfg = Debug|Any CPU
		{C06B6656-1370-4AC9-9B91-B765C52216E4}.Debug|Any CPU.Build.0 = Debug|Any CPU
		{C06B6656-1370-4AC9-9B91-B765C52216E4}.Release|Any CPU.ActiveCfg = Release|Any CPU
		{C06B6656-1370-4AC9-9B91-B765C52216E4}.Release|Any CPU.Build.0 = Release|Any CPU
	EndGlobalSection
	GlobalSection(SolutionProperties) = preSolution
		HideSolutionNode = FALSE
	EndGlobalSection
	GlobalSection(ExtensibilityGlobals) = postSolution
		SolutionGuid = {5612A260-D946-4E39-9865-1EE755BB632E}
	EndGlobalSection
EndGlobal
